Microsoft Visual Studio Solution File, Format Version 12.00
# Visual Studio Version 17
VisualStudioVersion = 17.5.2.0
MinimumVisualStudioVersion = 10.0.40219.1
Project("{FAE04EC0-301F-11D3-BF4B-00C04F79EFBC}") = "WebRunner", "web\WebRunner.csproj", "{293A4D50-68A1-A52E-DAB7-0EB2256CDC63}"
EndProject
Global
	GlobalSection(SolutionConfigurationPlatforms) = preSolution
		Debug|Any CPU = Debug|Any CPU
		Release|Any CPU = Release|Any CPU
	EndGlobalSection
	GlobalSection(ProjectConfigurationPlatforms) = postSolution
		{293A4D50-68A1-A52E-DAB7-0EB2256CDC63}.Debug|Any CPU.ActiveCfg = Debug|Any CPU
		{293A4D50-68A1-A52E-DAB7-0EB2256CDC63}.Debug|Any CPU.Build.0 = Debug|Any CPU
		{293A4D50-68A1-A52E-DAB7-0EB2256CDC63}.Release|Any CPU.ActiveCfg = Release|Any CPU
		{293A4D50-68A1-A52E-DAB7-0EB2256CDC63}.Release|Any CPU.Build.0 = Release|Any CPU
	EndGlobalSection
	GlobalSection(SolutionProperties) = preSolution
		HideSolutionNode = FALSE
	EndGlobalSection
	GlobalSection(ExtensibilityGlobals) = postSolution
		SolutionGuid = {B8376145-8F9A-4AEA-BF52-8DCF490626DF}
	EndGlobalSection
EndGlobal
